
Microsoft Visual Studio Solution File, Format Version 12.00
# Visual Studio 11
Project("{FAE04EC0-301F-11D3-BF4B-00C04F79EFBC}") = "Knockout_Start.Web", "Knockout_Start.Web\Knockout_Start.Web.csproj", "{A23017B4-3DB6-4FB0-885A-13C85C783908}"
EndProject
Global
	GlobalSection(SolutionConfigurationPlatforms) = preSolution
		Debug|Any CPU = Debug|Any CPU
		Release|Any CPU = Release|Any CPU
	EndGlobalSection
	GlobalSection(ProjectConfigurationPlatforms) = postSolution
		{A23017B4-3DB6-4FB0-885A-13C85C783908}.Debug|Any CPU.ActiveCfg = Debug|Any CPU
		{A23017B4-3DB6-4FB0-885A-13C85C783908}.Debug|Any CPU.Build.0 = Debug|Any CPU
		{A23017B4-3DB6-4FB0-885A-13C85C783908}.Release|Any CPU.ActiveCfg = Release|Any CPU
		{A23017B4-3DB6-4FB0-885A-13C85C783908}.Release|Any CPU.Build.0 = Release|Any CPU
	EndGlobalSection
	GlobalSection(SolutionProperties) = preSolution
		HideSolutionNode = FALSE
	EndGlobalSection
EndGlobal
