
Microsoft Visual Studio Solution File, Format Version 12.00
# Visual Studio 11
Project("{FAE04EC0-301F-11D3-BF4B-00C04F79EFBC}") = "Knockout_Templates_OldSchool.Web", "Knockout_Templates_OldSchool.Web\Knockout_Templates_OldSchool.Web.csproj", "{4E87EA04-8115-4BAC-BD0A-FADC9712892E}"
EndProject
Global
	GlobalSection(SolutionConfigurationPlatforms) = preSolution
		Debug|Any CPU = Debug|Any CPU
		Release|Any CPU = Release|Any CPU
	EndGlobalSection
	GlobalSection(ProjectConfigurationPlatforms) = postSolution
		{4E87EA04-8115-4BAC-BD0A-FADC9712892E}.Debug|Any CPU.ActiveCfg = Debug|Any CPU
		{4E87EA04-8115-4BAC-BD0A-FADC9712892E}.Debug|Any CPU.Build.0 = Debug|Any CPU
		{4E87EA04-8115-4BAC-BD0A-FADC9712892E}.Release|Any CPU.ActiveCfg = Release|Any CPU
		{4E87EA04-8115-4BAC-BD0A-FADC9712892E}.Release|Any CPU.Build.0 = Release|Any CPU
	EndGlobalSection
	GlobalSection(SolutionProperties) = preSolution
		HideSolutionNode = FALSE
	EndGlobalSection
EndGlobal
