
Microsoft Visual Studio Solution File, Format Version 12.00
# Visual Studio 11
Project("{FAE04EC0-301F-11D3-BF4B-00C04F79EFBC}") = "Knockout_Templates_Native_KO.Web", "Knockout_Templates_Native_KO.Web\Knockout_Templates_Native_KO.Web.csproj", "{3D4E4ED9-EF50-4710-B020-2B8961E86DB5}"
EndProject
Global
	GlobalSection(SolutionConfigurationPlatforms) = preSolution
		Debug|Any CPU = Debug|Any CPU
		Release|Any CPU = Release|Any CPU
	EndGlobalSection
	GlobalSection(ProjectConfigurationPlatforms) = postSolution
		{3D4E4ED9-EF50-4710-B020-2B8961E86DB5}.Debug|Any CPU.ActiveCfg = Debug|Any CPU
		{3D4E4ED9-EF50-4710-B020-2B8961E86DB5}.Debug|Any CPU.Build.0 = Debug|Any CPU
		{3D4E4ED9-EF50-4710-B020-2B8961E86DB5}.Release|Any CPU.ActiveCfg = Release|Any CPU
		{3D4E4ED9-EF50-4710-B020-2B8961E86DB5}.Release|Any CPU.Build.0 = Release|Any CPU
	EndGlobalSection
	GlobalSection(SolutionProperties) = preSolution
		HideSolutionNode = FALSE
	EndGlobalSection
EndGlobal
